
Microsoft Visual Studio Solution File, Format Version 12.00
# Visual Studio Version 17
VisualStudioVersion = 17.3.32825.248
MinimumVisualStudioVersion = 10.0.40219.1
Project("{FAE04EC0-301F-11D3-BF4B-00C04F79EFBC}") = "ConsoleApp4", "ConsoleApp4\ConsoleApp4.csproj", "{4ACD17EA-4C3A-47BC-B01D-010D45CDE630}"
EndProject
Global
	GlobalSection(SolutionConfigurationPlatforms) = preSolution
		Debug|Any CPU = Debug|Any CPU
		Release|Any CPU = Release|Any CPU
	EndGlobalSection
	GlobalSection(ProjectConfigurationPlatforms) = postSolution
		{4ACD17EA-4C3A-47BC-B01D-010D45CDE630}.Debug|Any CPU.ActiveCfg = Debug|Any CPU
		{4ACD17EA-4C3A-47BC-B01D-010D45CDE630}.Debug|Any CPU.Build.0 = Debug|Any CPU
		{4ACD17EA-4C3A-47BC-B01D-010D45CDE630}.Release|Any CPU.ActiveCfg = Release|Any CPU
		{4ACD17EA-4C3A-47BC-B01D-010D45CDE630}.Release|Any CPU.Build.0 = Release|Any CPU
	EndGlobalSection
	GlobalSection(SolutionProperties) = preSolution
		HideSolutionNode = FALSE
	EndGlobalSection
	GlobalSection(ExtensibilityGlobals) = postSolution
		SolutionGuid = {7C2B4544-464E-44D0-9D50-CFF572600B97}
	EndGlobalSection
EndGlobal
